// !$*UTF8*$!
{
	archiveVersion = 1;
	classes = {
	};
	objectVersion = 56;
	objects = {

/* Begin PBXBuildFile section */
		9FD5435C2D0A404800F83DA1 /* AppDelegate.swift in Sources */ = {isa = PBXBuildFile; fileRef = 9FD5435B2D0A404800F83DA1 /* AppDelegate.swift */; };
		9FD5435E2D0A404800F83DA1 /* SceneDelegate.swift in Sources */ = {isa = PBXBuildFile; fileRef = 9FD5435D2D0A404800F83DA1 /* SceneDelegate.swift */; };
		9FD543602D0A404800F83DA1 /* ViewController.swift in Sources */ = {isa = PBXBuildFile; fileRef = 9FD5435F2D0A404800F83DA1 /* ViewController.swift */; };
		9FD543632D0A404800F83DA1 /* Main.storyboard in Resources */ = {isa = PBXBuildFile; fileRef = 9FD543612D0A404800F83DA1 /* Main.storyboard */; };
		9FD543652D0A404900F83DA1 /* Assets.xcassets in Resources */ = {isa = PBXBuildFile; fileRef = 9FD543642D0A404900F83DA1 /* Assets.xcassets */; };
		9FD543682D0A404900F83DA1 /* LaunchScreen.storyboard in Resources */ = {isa = PBXBuildFile; fileRef = 9FD543662D0A404900F83DA1 /* LaunchScreen.storyboard */; };
		9FD543732D0A404900F83DA1 /* puzzle_gameTests.swift in Sources */ = {isa = PBXBuildFile; fileRef = 9FD543722D0A404900F83DA1 /* puzzle_gameTests.swift */; };
		9FD5437D2D0A404900F83DA1 /* puzzle_gameUITests.swift in Sources */ = {isa = PBXBuildFile; fileRef = 9FD5437C2D0A404900F83DA1 /* puzzle_gameUITests.swift */; };
		9FD5437F2D0A404900F83DA1 /* puzzle_gameUITestsLaunchTests.swift in Sources */ = {isa = PBXBuildFile; fileRef = 9FD5437E2D0A404900F83DA1 /* puzzle_gameUITestsLaunchTests.swift */; };
/* End PBXBuildFile section */

/* Begin PBXContainerItemProxy section */
		9FD5436F2D0A404900F83DA1 /* PBXContainerItemProxy */ = {
			isa = PBXContainerItemProxy;
			containerPortal = 9FD543502D0A404800F83DA1 /* Project object */;
			proxyType = 1;
			remoteGlobalIDString = 9FD543572D0A404800F83DA1;
			remoteInfo = "puzzle-game";
		};
		9FD543792D0A404900F83DA1 /* PBXContainerItemProxy */ = {
			isa = PBXContainerItemProxy;
			containerPortal = 9FD543502D0A404800F83DA1 /* Project object */;
			proxyType = 1;
			remoteGlobalIDString = 9FD543572D0A404800F83DA1;
			remoteInfo = "puzzle-game";
		};
/* End PBXContainerItemProxy section */

/* Begin PBXFileReference section */
		9FD543582D0A404800F83DA1 /* puzzle-game.app */ = {isa = PBXFileReference; explicitFileType = wrapper.application; includeInIndex = 0; path = "puzzle-game.app"; sourceTree = BUILT_PRODUCTS_DIR; };
		9FD5435B2D0A404800F83DA1 /* AppDelegate.swift */ = {isa = PBXFileReference; lastKnownFileType = sourcecode.swift; path = AppDelegate.swift; sourceTree = "<group>"; };
		9FD5435D2D0A404800F83DA1 /* SceneDelegate.swift */ = {isa = PBXFileReference; lastKnownFileType = sourcecode.swift; path = SceneDelegate.swift; sourceTree = "<group>"; };
		9FD5435F2D0A404800F83DA1 /* ViewController.swift */ = {isa = PBXFileReference; lastKnownFileType = sourcecode.swift; path = ViewController.swift; sourceTree = "<group>"; };
		9FD543622D0A404800F83DA1 /* Base */ = {isa = PBXFileReference; lastKnownFileType = file.storyboard; name = Base; path = Base.lproj/Main.storyboard; sourceTree = "<group>"; };
		9FD543642D0A404900F83DA1 /* Assets.xcassets */ = {isa = PBXFileReference; lastKnownFileType = folder.assetcatalog; path = Assets.xcassets; sourceTree = "<group>"; };
		9FD543672D0A404900F83DA1 /* Base */ = {isa = PBXFileReference; lastKnownFileType = file.storyboard; name = Base; path = Base.lproj/LaunchScreen.storyboard; sourceTree = "<group>"; };
		9FD543692D0A404900F83DA1 /* Info.plist */ = {isa = PBXFileReference; lastKnownFileType = text.plist.xml; path = Info.plist; sourceTree = "<group>"; };
		9FD5436E2D0A404900F83DA1 /* puzzle-gameTests.xctest */ = {isa = PBXFileReference; explicitFileType = wrapper.cfbundle; includeInIndex = 0; path = "puzzle-gameTests.xctest"; sourceTree = BUILT_PRODUCTS_DIR; };
		9FD543722D0A404900F83DA1 /* puzzle_gameTests.swift */ = {isa = PBXFileReference; lastKnownFileType = sourcecode.swift; path = puzzle_gameTests.swift; sourceTree = "<group>"; };
		9FD543782D0A404900F83DA1 /* puzzle-gameUITests.xctest */ = {isa = PBXFileReference; explicitFileType = wrapper.cfbundle; includeInIndex = 0; path = "puzzle-gameUITests.xctest"; sourceTree = BUILT_PRODUCTS_DIR; };
		9FD5437C2D0A404900F83DA1 /* puzzle_gameUITests.swift */ = {isa = PBXFileReference; lastKnownFileType = sourcecode.swift; path = puzzle_gameUITests.swift; sourceTree = "<group>"; };
		9FD5437E2D0A404900F83DA1 /* puzzle_gameUITestsLaunchTests.swift */ = {isa = PBXFileReference; lastKnownFileType = sourcecode.swift; path = puzzle_gameUITestsLaunchTests.swift; sourceTree = "<group>"; };
/* End PBXFileReference section */

/* Begin PBXFrameworksBuildPhase section */
		9FD543552D0A404800F83DA1 /* Frameworks */ = {
			isa = PBXFrameworksBuildPhase;
			buildActionMask = 2147483647;
			files = (
			);
			runOnlyForDeploymentPostprocessing = 0;
		};
		9FD5436B2D0A404900F83DA1 /* Frameworks */ = {
			isa = PBXFrameworksBuildPhase;
			buildActionMask = 2147483647;
			files = (
			);
			runOnlyForDeploymentPostprocessing = 0;
		};
		9FD543752D0A404900F83DA1 /* Frameworks */ = {
			isa = PBXFrameworksBuildPhase;
			buildActionMask = 2147483647;
			files = (
			);
			runOnlyForDeploymentPostprocessing = 0;
		};
/* End PBXFrameworksBuildPhase section */

/* Begin PBXGroup section */
		9FD5434F2D0A404800F83DA1 = {
			isa = PBXGroup;
			children = (
				9FD5435A2D0A404800F83DA1 /* puzzle-game */,
				9FD543712D0A404900F83DA1 /* puzzle-gameTests */,
				9FD5437B2D0A404900F83DA1 /* puzzle-gameUITests */,
				9FD543592D0A404800F83DA1 /* Products */,
			);
			sourceTree = "<group>";
		};
		9FD543592D0A404800F83DA1 /* Products */ = {
			isa = PBXGroup;
			children = (
				9FD543582D0A404800F83DA1 /* puzzle-game.app */,
				9FD5436E2D0A404900F83DA1 /* puzzle-gameTests.xctest */,
				9FD543782D0A404900F83DA1 /* puzzle-gameUITests.xctest */,
			);
			name = Products;
			sourceTree = "<group>";
		};
		9FD5435A2D0A404800F83DA1 /* puzzle-game */ = {
			isa = PBXGroup;
			children = (
				9FD5435B2D0A404800F83DA1 /* AppDelegate.swift */,
				9FD5435D2D0A404800F83DA1 /* SceneDelegate.swift */,
				9FD5435F2D0A404800F83DA1 /* ViewController.swift */,
				9FD543612D0A404800F83DA1 /* Main.storyboard */,
				9FD543642D0A404900F83DA1 /* Assets.xcassets */,
				9FD543662D0A404900F83DA1 /* LaunchScreen.storyboard */,
				9FD543692D0A404900F83DA1 /* Info.plist */,
			);
			path = "puzzle-game";
			sourceTree = "<group>";
		};
		9FD543712D0A404900F83DA1 /* puzzle-gameTests */ = {
			isa = PBXGroup;
			children = (
				9FD543722D0A404900F83DA1 /* puzzle_gameTests.swift */,
			);
			path = "puzzle-gameTests";
			sourceTree = "<group>";
		};
		9FD5437B2D0A404900F83DA1 /* puzzle-gameUITests */ = {
			isa = PBXGroup;
			children = (
				9FD5437C2D0A404900F83DA1 /* puzzle_gameUITests.swift */,
				9FD5437E2D0A404900F83DA1 /* puzzle_gameUITestsLaunchTests.swift */,
			);
			path = "puzzle-gameUITests";
			sourceTree = "<group>";
		};
/* End PBXGroup section */

/* Begin PBXNativeTarget section */
		9FD543572D0A404800F83DA1 /* puzzle-game */ = {
			isa = PBXNativeTarget;
			buildConfigurationList = 9FD543822D0A404900F83DA1 /* Build configuration list for PBXNativeTarget "puzzle-game" */;
			buildPhases = (
				9FD543542D0A404800F83DA1 /* Sources */,
				9FD543552D0A404800F83DA1 /* Frameworks */,
				9FD543562D0A404800F83DA1 /* Resources */,
			);
			buildRules = (
			);
			dependencies = (
			);
			name = "puzzle-game";
			productName = "puzzle-game";
			productReference = 9FD543582D0A404800F83DA1 /* puzzle-game.app */;
			productType = "com.apple.product-type.application";
		};
		9FD5436D2D0A404900F83DA1 /* puzzle-gameTests */ = {
			isa = PBXNativeTarget;
			buildConfigurationList = 9FD543852D0A404900F83DA1 /* Build configuration list for PBXNativeTarget "puzzle-gameTests" */;
			buildPhases = (
				9FD5436A2D0A404900F83DA1 /* Sources */,
				9FD5436B2D0A404900F83DA1 /* Frameworks */,
				9FD5436C2D0A404900F83DA1 /* Resources */,
			);
			buildRules = (
			);
			dependencies = (
				9FD543702D0A404900F83DA1 /* PBXTargetDependency */,
			);
			name = "puzzle-gameTests";
			productName = "puzzle-gameTests";
			productReference = 9FD5436E2D0A404900F83DA1 /* puzzle-gameTests.xctest */;
			productType = "com.apple.product-type.bundle.unit-test";
		};
		9FD543772D0A404900F83DA1 /* puzzle-gameUITests */ = {
			isa = PBXNativeTarget;
			buildConfigurationList = 9FD543882D0A404900F83DA1 /* Build configuration list for PBXNativeTarget "puzzle-gameUITests" */;
			buildPhases = (
				9FD543742D0A404900F83DA1 /* Sources */,
				9FD543752D0A404900F83DA1 /* Frameworks */,
				9FD543762D0A404900F83DA1 /* Resources */,
			);
			buildRules = (
			);
			dependencies = (
				9FD5437A2D0A404900F83DA1 /* PBXTargetDependency */,
			);
			name = "puzzle-gameUITests";
			productName = "puzzle-gameUITests";
			productReference = 9FD543782D0A404900F83DA1 /* puzzle-gameUITests.xctest */;
			productType = "com.apple.product-type.bundle.ui-testing";
		};
/* End PBXNativeTarget section */

/* Begin PBXProject section */
		9FD543502D0A404800F83DA1 /* Project object */ = {
			isa = PBXProject;
			attributes = {
				BuildIndependentTargetsInParallel = 1;
				LastSwiftUpdateCheck = 1500;
				LastUpgradeCheck = 1500;
				TargetAttributes = {
					9FD543572D0A404800F83DA1 = {
						CreatedOnToolsVersion = 15.0;
					};
					9FD5436D2D0A404900F83DA1 = {
						CreatedOnToolsVersion = 15.0;
						TestTargetID = 9FD543572D0A404800F83DA1;
					};
					9FD543772D0A404900F83DA1 = {
						CreatedOnToolsVersion = 15.0;
						TestTargetID = 9FD543572D0A404800F83DA1;
					};
				};
			};
			buildConfigurationList = 9FD543532D0A404800F83DA1 /* Build configuration list for PBXProject "puzzle-game" */;
			compatibilityVersion = "Xcode 14.0";
			developmentRegion = en;
			hasScannedForEncodings = 0;
			knownRegions = (
				en,
				Base,
			);
			mainGroup = 9FD5434F2D0A404800F83DA1;
			productRefGroup = 9FD543592D0A404800F83DA1 /* Products */;
			projectDirPath = "";
			projectRoot = "";
			targets = (
				9FD543572D0A404800F83DA1 /* puzzle-game */,
				9FD5436D2D0A404900F83DA1 /* puzzle-gameTests */,
				9FD543772D0A404900F83DA1 /* puzzle-gameUITests */,
			);
		};
/* End PBXProject section */

/* Begin PBXResourcesBuildPhase section */
		9FD543562D0A404800F83DA1 /* Resources */ = {
			isa = PBXResourcesBuildPhase;
			buildActionMask = 2147483647;
			files = (
				9FD543682D0A404900F83DA1 /* LaunchScreen.storyboard in Resources */,
				9FD543652D0A404900F83DA1 /* Assets.xcassets in Resources */,
				9FD543632D0A404800F83DA1 /* Main.storyboard in Resources */,
			);
			runOnlyForDeploymentPostprocessing = 0;
		};
		9FD5436C2D0A404900F83DA1 /* Resources */ = {
			isa = PBXResourcesBuildPhase;
			buildActionMask = 2147483647;
			files = (
			);
			runOnlyForDeploymentPostprocessing = 0;
		};
		9FD543762D0A404900F83DA1 /* Resources */ = {
			isa = PBXResourcesBuildPhase;
			buildActionMask = 2147483647;
			files = (
			);
			runOnlyForDeploymentPostprocessing = 0;
		};
/* End PBXResourcesBuildPhase section */

/* Begin PBXSourcesBuildPhase section */
		9FD543542D0A404800F83DA1 /* Sources */ = {
			isa = PBXSourcesBuildPhase;
			buildActionMask = 2147483647;
			files = (
				9FD543602D0A404800F83DA1 /* ViewController.swift in Sources */,
				9FD5435C2D0A404800F83DA1 /* AppDelegate.swift in Sources */,
				9FD5435E2D0A404800F83DA1 /* SceneDelegate.swift in Sources */,
			);
			runOnlyForDeploymentPostprocessing = 0;
		};
		9FD5436A2D0A404900F83DA1 /* Sources */ = {
			isa = PBXSourcesBuildPhase;
			buildActionMask = 2147483647;
			files = (
				9FD543732D0A404900F83DA1 /* puzzle_gameTests.swift in Sources */,
			);
			runOnlyForDeploymentPostprocessing = 0;
		};
		9FD543742D0A404900F83DA1 /* Sources */ = {
			isa = PBXSourcesBuildPhase;
			buildActionMask = 2147483647;
			files = (
				9FD5437F2D0A404900F83DA1 /* puzzle_gameUITestsLaunchTests.swift in Sources */,
				9FD5437D2D0A404900F83DA1 /* puzzle_gameUITests.swift in Sources */,
			);
			runOnlyForDeploymentPostprocessing = 0;
		};
/* End PBXSourcesBuildPhase section */

/* Begin PBXTargetDependency section */
		9FD543702D0A404900F83DA1 /* PBXTargetDependency */ = {
			isa = PBXTargetDependency;
			target = 9FD543572D0A404800F83DA1 /* puzzle-game */;
			targetProxy = 9FD5436F2D0A404900F83DA1 /* PBXContainerItemProxy */;
		};
		9FD5437A2D0A404900F83DA1 /* PBXTargetDependency */ = {
			isa = PBXTargetDependency;
			target = 9FD543572D0A404800F83DA1 /* puzzle-game */;
			targetProxy = 9FD543792D0A404900F83DA1 /* PBXContainerItemProxy */;
		};
/* End PBXTargetDependency section */

/* Begin PBXVariantGroup section */
		9FD543612D0A404800F83DA1 /* Main.storyboard */ = {
			isa = PBXVariantGroup;
			children = (
				9FD543622D0A404800F83DA1 /* Base */,
			);
			name = Main.storyboard;
			sourceTree = "<group>";
		};
		9FD543662D0A404900F83DA1 /* LaunchScreen.storyboard */ = {
			isa = PBXVariantGroup;
			children = (
				9FD543672D0A404900F83DA1 /* Base */,
			);
			name = LaunchScreen.storyboard;
			sourceTree = "<group>";
		};
/* End PBXVariantGroup section */

/* Begin XCBuildConfiguration section */
		9FD543802D0A404900F83DA1 /* Debug */ = {
			isa = XCBuildConfiguration;
			buildSettings = {
				ALWAYS_SEARCH_USER_PATHS = NO;
				ASSETCATALOG_COMPILER_GENERATE_SWIFT_ASSET_SYMBOL_EXTENSIONS = YES;
				CLANG_ANALYZER_NONNULL = YES;
				CLANG_ANALYZER_NUMBER_OBJECT_CONVERSION = YES_AGGRESSIVE;
				CLANG_CXX_LANGUAGE_STANDARD = "gnu++20";
				CLANG_ENABLE_MODULES = YES;
				CLANG_ENABLE_OBJC_ARC = YES;
				CLANG_ENABLE_OBJC_WEAK = YES;
				CLANG_WARN_BLOCK_CAPTURE_AUTORELEASING = YES;
				CLANG_WARN_BOOL_CONVERSION = YES;
				CLANG_WARN_COMMA = YES;
				CLANG_WARN_CONSTANT_CONVERSION = YES;
				CLANG_WARN_DEPRECATED_OBJC_IMPLEMENTATIONS = YES;
				CLANG_WARN_DIRECT_OBJC_ISA_USAGE = YES_ERROR;
				CLANG_WARN_DOCUMENTATION_COMMENTS = YES;
				CLANG_WARN_EMPTY_BODY = YES;
				CLANG_WARN_ENUM_CONVERSION = YES;
				CLANG_WARN_INFINITE_RECURSION = YES;
				CLANG_WARN_INT_CONVERSION = YES;
				CLANG_WARN_NON_LITERAL_NULL_CONVERSION = YES;
				CLANG_WARN_OBJC_IMPLICIT_RETAIN_SELF = YES;
				CLANG_WARN_OBJC_LITERAL_CONVERSION = YES;
				CLANG_WARN_OBJC_ROOT_CLASS = YES_ERROR;
				CLANG_WARN_QUOTED_INCLUDE_IN_FRAMEWORK_HEADER = YES;
				CLANG_WARN_RANGE_LOOP_ANALYSIS = YES;
				CLANG_WARN_STRICT_PROTOTYPES = YES;
				CLANG_WARN_SUSPICIOUS_MOVE = YES;
				CLANG_WARN_UNGUARDED_AVAILABILITY = YES_AGGRESSIVE;
				CLANG_WARN_UNREACHABLE_CODE = YES;
				CLANG_WARN__DUPLICATE_METHOD_MATCH = YES;
				COPY_PHASE_STRIP = NO;
				DEBUG_INFORMATION_FORMAT = dwarf;
				ENABLE_STRICT_OBJC_MSGSEND = YES;
				ENABLE_TESTABILITY = YES;
				ENABLE_USER_SCRIPT_SANDBOXING = YES;
				GCC_C_LANGUAGE_STANDARD = gnu17;
				GCC_DYNAMIC_NO_PIC = NO;
				GCC_NO_COMMON_BLOCKS = YES;
				GCC_OPTIMIZATION_LEVEL = 0;
				GCC_PREPROCESSOR_DEFINITIONS = (
					"DEBUG=1",
					"$(inherited)",
				);
				GCC_WARN_64_TO_32_BIT_CONVERSION = YES;
				GCC_WARN_ABOUT_RETURN_TYPE = YES_ERROR;
				GCC_WARN_UNDECLARED_SELECTOR = YES;
				GCC_WARN_UNINITIALIZED_AUTOS = YES_AGGRESSIVE;
				GCC_WARN_UNUSED_FUNCTION = YES;
				GCC_WARN_UNUSED_VARIABLE = YES;
				IPHONEOS_DEPLOYMENT_TARGET = 17.0;
				LOCALIZATION_PREFERS_STRING_CATALOGS = YES;
				MTL_ENABLE_DEBUG_INFO = INCLUDE_SOURCE;
				MTL_FAST_MATH = YES;
				ONLY_ACTIVE_ARCH = YES;
				SDKROOT = iphoneos;
				SWIFT_ACTIVE_COMPILATION_CONDITIONS = "DEBUG $(inherited)";
				SWIFT_OPTIMIZATION_LEVEL = "-Onone";
			};
			name = Debug;
		};
		9FD543812D0A404900F83DA1 /* Release */ = {
			isa = XCBuildConfiguration;
			buildSettings = {
				ALWAYS_SEARCH_USER_PATHS = NO;
				ASSETCATALOG_COMPILER_GENERATE_SWIFT_ASSET_SYMBOL_EXTENSIONS = YES;
				CLANG_ANALYZER_NONNULL = YES;
				CLANG_ANALYZER_NUMBER_OBJECT_CONVERSION = YES_AGGRESSIVE;
				CLANG_CXX_LANGUAGE_STANDARD = "gnu++20";
				CLANG_ENABLE_MODULES = YES;
				CLANG_ENABLE_OBJC_ARC = YES;
				CLANG_ENABLE_OBJC_WEAK = YES;
				CLANG_WARN_BLOCK_CAPTURE_AUTORELEASING = YES;
				CLANG_WARN_BOOL_CONVERSION = YES;
				CLANG_WARN_COMMA = YES;
				CLANG_WARN_CONSTANT_CONVERSION = YES;
				CLANG_WARN_DEPRECATED_OBJC_IMPLEMENTATIONS = YES;
				CLANG_WARN_DIRECT_OBJC_ISA_USAGE = YES_ERROR;
				CLANG_WARN_DOCUMENTATION_COMMENTS = YES;
				CLANG_WARN_EMPTY_BODY = YES;
				CLANG_WARN_ENUM_CONVERSION = YES;
				CLANG_WARN_INFINITE_RECURSION = YES;
				CLANG_WARN_INT_CONVERSION = YES;
				CLANG_WARN_NON_LITERAL_NULL_CONVERSION = YES;
				CLANG_WARN_OBJC_IMPLICIT_RETAIN_SELF = YES;
				CLANG_WARN_OBJC_LITERAL_CONVERSION = YES;
				CLANG_WARN_OBJC_ROOT_CLASS = YES_ERROR;
				CLANG_WARN_QUOTED_INCLUDE_IN_FRAMEWORK_HEADER = YES;
				CLANG_WARN_RANGE_LOOP_ANALYSIS = YES;
				CLANG_WARN_STRICT_PROTOTYPES = YES;
				CLANG_WARN_SUSPICIOUS_MOVE = YES;
				CLANG_WARN_UNGUARDED_AVAILABILITY = YES_AGGRESSIVE;
				CLANG_WARN_UNREACHABLE_CODE = YES;
				CLANG_WARN__DUPLICATE_METHOD_MATCH = YES;
				COPY_PHASE_STRIP = NO;
				DEBUG_INFORMATION_FORMAT = "dwarf-with-dsym";
				ENABLE_NS_ASSERTIONS = NO;
				ENABLE_STRICT_OBJC_MSGSEND = YES;
				ENABLE_USER_SCRIPT_SANDBOXING = YES;
				GCC_C_LANGUAGE_STANDARD = gnu17;
				GCC_NO_COMMON_BLOCKS = YES;
				GCC_WARN_64_TO_32_BIT_CONVERSION = YES;
				GCC_WARN_ABOUT_RETURN_TYPE = YES_ERROR;
				GCC_WARN_UNDECLARED_SELECTOR = YES;
				GCC_WARN_UNINITIALIZED_AUTOS = YES_AGGRESSIVE;
				GCC_WARN_UNUSED_FUNCTION = YES;
				GCC_WARN_UNUSED_VARIABLE = YES;
				IPHONEOS_DEPLOYMENT_TARGET = 17.0;
				LOCALIZATION_PREFERS_STRING_CATALOGS = YES;
				MTL_ENABLE_DEBUG_INFO = NO;
				MTL_FAST_MATH = YES;
				SDKROOT = iphoneos;
				SWIFT_COMPILATION_MODE = wholemodule;
				VALIDATE_PRODUCT = YES;
			};
			name = Release;
		};
		9FD543832D0A404900F83DA1 /* Debug */ = {
			isa = XCBuildConfiguration;
			buildSettings = {
				ASSETCATALOG_COMPILER_APPICON_NAME = AppIcon;
				ASSETCATALOG_COMPILER_GLOBAL_ACCENT_COLOR_NAME = AccentColor;
				CODE_SIGN_STYLE = Automatic;
				CURRENT_PROJECT_VERSION = 1;
				DEVELOPMENT_TEAM = H69M8KLTZ5;
				GENERATE_INFOPLIST_FILE = YES;
				INFOPLIST_FILE = "puzzle-game/Info.plist";
				INFOPLIST_KEY_UIApplicationSupportsIndirectInputEvents = YES;
				INFOPLIST_KEY_UILaunchStoryboardName = LaunchScreen;
				INFOPLIST_KEY_UIMainStoryboardFile = Main;
				INFOPLIST_KEY_UISupportedInterfaceOrientations_iPad = "UIInterfaceOrientationPortrait UIInterfaceOrientationPortraitUpsideDown UIInterfaceOrientationLandscapeLeft UIInterfaceOrientationLandscapeRight";
				INFOPLIST_KEY_UISupportedInterfaceOrientations_iPhone = "UIInterfaceOrientationPortrait UIInterfaceOrientationLandscapeLeft UIInterfaceOrientationLandscapeRight";
				LD_RUNPATH_SEARCH_PATHS = (
					"$(inherited)",
					"@executable_path/Frameworks",
				);
				MARKETING_VERSION = 1.0;
				PRODUCT_BUNDLE_IDENTIFIER = "com.anacvasniuc.puzzle-game";
				PRODUCT_NAME = "$(TARGET_NAME)";
				SWIFT_EMIT_LOC_STRINGS = YES;
				SWIFT_VERSION = 5.0;
				TARGETED_DEVICE_FAMILY = "1,2";
			};
			name = Debug;
		};
		9FD543842D0A404900F83DA1 /* Release */ = {
			isa = XCBuildConfiguration;
			buildSettings = {
				ASSETCATALOG_COMPILER_APPICON_NAME = AppIcon;
				ASSETCATALOG_COMPILER_GLOBAL_ACCENT_COLOR_NAME = AccentColor;
				CODE_SIGN_STYLE = Automatic;
				CURRENT_PROJECT_VERSION = 1;
				DEVELOPMENT_TEAM = H69M8KLTZ5;
				GENERATE_INFOPLIST_FILE = YES;
				INFOPLIST_FILE = "puzzle-game/Info.plist";
				INFOPLIST_KEY_UIApplicationSupportsIndirectInputEvents = YES;
				INFOPLIST_KEY_UILaunchStoryboardName = LaunchScreen;
				INFOPLIST_KEY_UIMainStoryboardFile = Main;
				INFOPLIST_KEY_UISupportedInterfaceOrientations_iPad = "UIInterfaceOrientationPortrait UIInterfaceOrientationPortraitUpsideDown UIInterfaceOrientationLandscapeLeft UIInterfaceOrientationLandscapeRight";
				INFOPLIST_KEY_UISupportedInterfaceOrientations_iPhone = "UIInterfaceOrientationPortrait UIInterfaceOrientationLandscapeLeft UIInterfaceOrientationLandscapeRight";
				LD_RUNPATH_SEARCH_PATHS = (
					"$(inherited)",
					"@executable_path/Frameworks",
				);
				MARKETING_VERSION = 1.0;
				PRODUCT_BUNDLE_IDENTIFIER = "com.anacvasniuc.puzzle-game";
				PRODUCT_NAME = "$(TARGET_NAME)";
				SWIFT_EMIT_LOC_STRINGS = YES;
				SWIFT_VERSION = 5.0;
				TARGETED_DEVICE_FAMILY = "1,2";
			};
			name = Release;
		};
		9FD543862D0A404900F83DA1 /* Debug */ = {
			isa = XCBuildConfiguration;
			buildSettings = {
				ALWAYS_EMBED_SWIFT_STANDARD_LIBRARIES = YES;
				BUNDLE_LOADER = "$(TEST_HOST)";
				CODE_SIGN_STYLE = Automatic;
				CURRENT_PROJECT_VERSION = 1;
				DEVELOPMENT_TEAM = H69M8KLTZ5;
				GENERATE_INFOPLIST_FILE = YES;
				IPHONEOS_DEPLOYMENT_TARGET = 17.0;
				MARKETING_VERSION = 1.0;
				PRODUCT_BUNDLE_IDENTIFIER = "com.anacvasniuc.puzzle-gameTests";
				PRODUCT_NAME = "$(TARGET_NAME)";
				SWIFT_EMIT_LOC_STRINGS = NO;
				SWIFT_VERSION = 5.0;
				TARGETED_DEVICE_FAMILY = "1,2";
				TEST_HOST = "$(BUILT_PRODUCTS_DIR)/puzzle-game.app/$(BUNDLE_EXECUTABLE_FOLDER_PATH)/puzzle-game";
			};
			name = Debug;
		};
		9FD543872D0A404900F83DA1 /* Release */ = {
			isa = XCBuildConfiguration;
			buildSettings = {
				ALWAYS_EMBED_SWIFT_STANDARD_LIBRARIES = YES;
				BUNDLE_LOADER = "$(TEST_HOST)";
				CODE_SIGN_STYLE = Automatic;
				CURRENT_PROJECT_VERSION = 1;
				DEVELOPMENT_TEAM = H69M8KLTZ5;
				GENERATE_INFOPLIST_FILE = YES;
				IPHONEOS_DEPLOYMENT_TARGET = 17.0;
				MARKETING_VERSION = 1.0;
				PRODUCT_BUNDLE_IDENTIFIER = "com.anacvasniuc.puzzle-gameTests";
				PRODUCT_NAME = "$(TARGET_NAME)";
				SWIFT_EMIT_LOC_STRINGS = NO;
				SWIFT_VERSION = 5.0;
				TARGETED_DEVICE_FAMILY = "1,2";
				TEST_HOST = "$(BUILT_PRODUCTS_DIR)/puzzle-game.app/$(BUNDLE_EXECUTABLE_FOLDER_PATH)/puzzle-game";
			};
			name = Release;
		};
		9FD543892D0A404900F83DA1 /* Debug */ = {
			isa = XCBuildConfiguration;
			buildSettings = {
				ALWAYS_EMBED_SWIFT_STANDARD_LIBRARIES = YES;
				CODE_SIGN_STYLE = Automatic;
				CURRENT_PROJECT_VERSION = 1;
				DEVELOPMENT_TEAM = H69M8KLTZ5;
				GENERATE_INFOPLIST_FILE = YES;
				MARKETING_VERSION = 1.0;
				PRODUCT_BUNDLE_IDENTIFIER = "com.anacvasniuc.puzzle-gameUITests";
				PRODUCT_NAME = "$(TARGET_NAME)";
				SWIFT_EMIT_LOC_STRINGS = NO;
				SWIFT_VERSION = 5.0;
				TARGETED_DEVICE_FAMILY = "1,2";
				TEST_TARGET_NAME = "puzzle-game";
			};
			name = Debug;
		};
		9FD5438A2D0A404900F83DA1 /* Release */ = {
			isa = XCBuildConfiguration;
			buildSettings = {
				ALWAYS_EMBED_SWIFT_STANDARD_LIBRARIES = YES;
				CODE_SIGN_STYLE = Automatic;
				CURRENT_PROJECT_VERSION = 1;
				DEVELOPMENT_TEAM = H69M8KLTZ5;
				GENERATE_INFOPLIST_FILE = YES;
				MARKETING_VERSION = 1.0;
				PRODUCT_BUNDLE_IDENTIFIER = "com.anacvasniuc.puzzle-gameUITests";
				PRODUCT_NAME = "$(TARGET_NAME)";
				SWIFT_EMIT_LOC_STRINGS = NO;
				SWIFT_VERSION = 5.0;
				TARGETED_DEVICE_FAMILY = "1,2";
				TEST_TARGET_NAME = "puzzle-game";
			};
			name = Release;
		};
/* End XCBuildConfiguration section */

/* Begin XCConfigurationList section */
		9FD543532D0A404800F83DA1 /* Build configuration list for PBXProject "puzzle-game" */ = {
			isa = XCConfigurationList;
			buildConfigurations = (
				9FD543802D0A404900F83DA1 /* Debug */,
				9FD543812D0A404900F83DA1 /* Release */,
			);
			defaultConfigurationIsVisible = 0;
			defaultConfigurationName = Release;
		};
		9FD543822D0A404900F83DA1 /* Build configuration list for PBXNativeTarget "puzzle-game" */ = {
			isa = XCConfigurationList;
			buildConfigurations = (
				9FD543832D0A404900F83DA1 /* Debug */,
				9FD543842D0A404900F83DA1 /* Release */,
			);
			defaultConfigurationIsVisible = 0;
			defaultConfigurationName = Release;
		};
		9FD543852D0A404900F83DA1 /* Build configuration list for PBXNativeTarget "puzzle-gameTests" */ = {
			isa = XCConfigurationList;
			buildConfigurations = (
				9FD543862D0A404900F83DA1 /* Debug */,
				9FD543872D0A404900F83DA1 /* Release */,
			);
			defaultConfigurationIsVisible = 0;
			defaultConfigurationName = Release;
		};
		9FD543882D0A404900F83DA1 /* Build configuration list for PBXNativeTarget "puzzle-gameUITests" */ = {
			isa = XCConfigurationList;
			buildConfigurations = (
				9FD543892D0A404900F83DA1 /* Debug */,
				9FD5438A2D0A404900F83DA1 /* Release */,
			);
			defaultConfigurationIsVisible = 0;
			defaultConfigurationName = Release;
		};
/* End XCConfigurationList section */
	};
	rootObject = 9FD543502D0A404800F83DA1 /* Project object */;
}
